
Microsoft Visual Studio Solution File, Format Version 12.00
# Visual Studio Version 16
VisualStudioVersion = 16.0.31205.134
MinimumVisualStudioVersion = 10.0.40219.1
Project("{FAE04EC0-301F-11D3-BF4B-00C04F79EFBC}") = "homework2", "homework2.csproj", "{9883741C-D441-4162-9064-56C2F883F707}"
EndProject
Global
	GlobalSection(SolutionConfigurationPlatforms) = preSolution
		Debug|Any CPU = Debug|Any CPU
		Release|Any CPU = Release|Any CPU
	EndGlobalSection
	GlobalSection(ProjectConfigurationPlatforms) = postSolution
		{9883741C-D441-4162-9064-56C2F883F707}.Debug|Any CPU.ActiveCfg = Debug|Any CPU
		{9883741C-D441-4162-9064-56C2F883F707}.Debug|Any CPU.Build.0 = Debug|Any CPU
		{9883741C-D441-4162-9064-56C2F883F707}.Release|Any CPU.ActiveCfg = Release|Any CPU
		{9883741C-D441-4162-9064-56C2F883F707}.Release|Any CPU.Build.0 = Release|Any CPU
	EndGlobalSection
	GlobalSection(SolutionProperties) = preSolution
		HideSolutionNode = FALSE
	EndGlobalSection
	GlobalSection(ExtensibilityGlobals) = postSolution
		SolutionGuid = {807633C6-C875-45B7-83AC-E0A7D9E1A8D1}
	EndGlobalSection
EndGlobal
